
Microsoft Visual Studio Solution File, Format Version 12.00
# Visual Studio 15
VisualStudioVersion = 15.0.27703.2035
MinimumVisualStudioVersion = 10.0.40219.1
Project("{FAE04EC0-301F-11D3-BF4B-00C04F79EFBC}") = "BlueWhales.Security", "BlueWhales.Security\BlueWhales.Security.csproj", "{50C91F64-9F9A-47F1-BE6D-6E3B4D9AD1E8}"
EndProject
Project("{E53339B2-1760-4266-BCC7-CA923CBCF16C}") = "docker-compose", "docker-compose.dcproj", "{CE43BA47-8F71-4ED6-A22C-78B484629CDE}"
EndProject
Global
	GlobalSection(SolutionConfigurationPlatforms) = preSolution
		Debug|Any CPU = Debug|Any CPU
		Release|Any CPU = Release|Any CPU
	EndGlobalSection
	GlobalSection(ProjectConfigurationPlatforms) = postSolution
		{50C91F64-9F9A-47F1-BE6D-6E3B4D9AD1E8}.Debug|Any CPU.ActiveCfg = Debug|Any CPU
		{50C91F64-9F9A-47F1-BE6D-6E3B4D9AD1E8}.Debug|Any CPU.Build.0 = Debug|Any CPU
		{50C91F64-9F9A-47F1-BE6D-6E3B4D9AD1E8}.Release|Any CPU.ActiveCfg = Release|Any CPU
		{50C91F64-9F9A-47F1-BE6D-6E3B4D9AD1E8}.Release|Any CPU.Build.0 = Release|Any CPU
		{CE43BA47-8F71-4ED6-A22C-78B484629CDE}.Debug|Any CPU.ActiveCfg = Debug|Any CPU
		{CE43BA47-8F71-4ED6-A22C-78B484629CDE}.Debug|Any CPU.Build.0 = Debug|Any CPU
		{CE43BA47-8F71-4ED6-A22C-78B484629CDE}.Release|Any CPU.ActiveCfg = Release|Any CPU
		{CE43BA47-8F71-4ED6-A22C-78B484629CDE}.Release|Any CPU.Build.0 = Release|Any CPU
	EndGlobalSection
	GlobalSection(SolutionProperties) = preSolution
		HideSolutionNode = FALSE
	EndGlobalSection
	GlobalSection(ExtensibilityGlobals) = postSolution
		SolutionGuid = {E16826E2-40C5-42FC-8D2B-762692DE44F7}
	EndGlobalSection
EndGlobal
